
Microsoft Visual Studio Solution File, Format Version 12.00
# Visual Studio Version 17
VisualStudioVersion = 17.9.34616.47
MinimumVisualStudioVersion = 10.0.40219.1
Project("{9A19103F-16F7-4668-BE54-9A1E7A4F7556}") = "CollectionViewTest", "CollectionViewTest\CollectionViewTest.csproj", "{C09684D5-7FBB-44BD-8232-09AA212EF7DE}"
EndProject
Global
	GlobalSection(SolutionConfigurationPlatforms) = preSolution
		Debug|Any CPU = Debug|Any CPU
		Release|Any CPU = Release|Any CPU
	EndGlobalSection
	GlobalSection(ProjectConfigurationPlatforms) = postSolution
		{C09684D5-7FBB-44BD-8232-09AA212EF7DE}.Debug|Any CPU.ActiveCfg = Debug|Any CPU
		{C09684D5-7FBB-44BD-8232-09AA212EF7DE}.Debug|Any CPU.Build.0 = Debug|Any CPU
		{C09684D5-7FBB-44BD-8232-09AA212EF7DE}.Debug|Any CPU.Deploy.0 = Debug|Any CPU
		{C09684D5-7FBB-44BD-8232-09AA212EF7DE}.Release|Any CPU.ActiveCfg = Release|Any CPU
		{C09684D5-7FBB-44BD-8232-09AA212EF7DE}.Release|Any CPU.Build.0 = Release|Any CPU
		{C09684D5-7FBB-44BD-8232-09AA212EF7DE}.Release|Any CPU.Deploy.0 = Release|Any CPU
	EndGlobalSection
	GlobalSection(SolutionProperties) = preSolution
		HideSolutionNode = FALSE
	EndGlobalSection
	GlobalSection(ExtensibilityGlobals) = postSolution
		SolutionGuid = {04DF0C80-77C8-4970-B307-2C457DDE11C4}
	EndGlobalSection
EndGlobal
